
Microsoft Visual Studio Solution File, Format Version 12.00
# Visual Studio 15
VisualStudioVersion = 15.0.27130.2026
MinimumVisualStudioVersion = 10.0.40219.1
Project("{8BC9CEB8-8B4A-11D0-8D11-00A0C91BC942}") = "口袋妖怪", "口袋妖怪\口袋妖怪.vcxproj", "{C89406E6-99F9-4B8C-ABE7-3D5D5D4077D3}"
EndProject
Global
	GlobalSection(SolutionConfigurationPlatforms) = preSolution
		Debug|x64 = Debug|x64
		Debug|x86 = Debug|x86
		Release|x64 = Release|x64
		Release|x86 = Release|x86
	EndGlobalSection
	GlobalSection(ProjectConfigurationPlatforms) = postSolution
		{C89406E6-99F9-4B8C-ABE7-3D5D5D4077D3}.Debug|x64.ActiveCfg = Debug|x64
		{C89406E6-99F9-4B8C-ABE7-3D5D5D4077D3}.Debug|x64.Build.0 = Debug|x64
		{C89406E6-99F9-4B8C-ABE7-3D5D5D4077D3}.Debug|x86.ActiveCfg = Debug|Win32
		{C89406E6-99F9-4B8C-ABE7-3D5D5D4077D3}.Debug|x86.Build.0 = Debug|Win32
		{C89406E6-99F9-4B8C-ABE7-3D5D5D4077D3}.Release|x64.ActiveCfg = Release|x64
		{C89406E6-99F9-4B8C-ABE7-3D5D5D4077D3}.Release|x64.Build.0 = Release|x64
		{C89406E6-99F9-4B8C-ABE7-3D5D5D4077D3}.Release|x86.ActiveCfg = Release|Win32
		{C89406E6-99F9-4B8C-ABE7-3D5D5D4077D3}.Release|x86.Build.0 = Release|Win32
	EndGlobalSection
	GlobalSection(SolutionProperties) = preSolution
		HideSolutionNode = FALSE
	EndGlobalSection
	GlobalSection(ExtensibilityGlobals) = postSolution
		SolutionGuid = {3CAB9BE9-2465-45E3-9451-C8F51D7283B1}
	EndGlobalSection
EndGlobal
